{
    "name": "sinlov",
    "version": "1.7.3",
    "lockfileVersion": 2,
    "requires": true,
    "packages": {
        "": {
            "name": "sinlov",
            "version": "1.7.3",
            "license": "MIT",
            "dependencies": {
                "dotenv": "^10.0.0",
                "extend": "^3.0.2",
                "moment-timezone": "^0.5.34",
                "mustache": "^4.2.0",
                "n-readlines": "^1.0.1",
                "node-fetch": "^3.1.0",
                "nodejs-fs-utils": "^1.2.5"
            }
        },
        "node_modules/data-uri-to-buffer": {
            "version": "4.0.0",
            "resolved": "https://repo.huaweicloud.com/repository/npm/data-uri-to-buffer/-/data-uri-to-buffer-4.0.0.tgz",
            "integrity": "sha512-Vr3mLBA8qWmcuschSLAOogKgQ/Jwxulv3RNE4FXnYWRGujzrRWQI4m12fQqRkwX06C0KanhLr4hK+GydchZsaA==",
            "license": "MIT",
            "engines": {
                "node": ">= 12"
            }
        },
        "node_modules/dotenv": {
            "version": "10.0.0",
            "resolved": "https://repo.huaweicloud.com/repository/npm/dotenv/-/dotenv-10.0.0.tgz",
            "integrity": "sha512-rlBi9d8jpv9Sf1klPjNfFAuWDjKLwTIJJ/VxtoTwIR6hnZxcEOQCZg2oIL3MWBYw5GpUDKOEnND7LXTbIpQ03Q==",
            "license": "BSD-2-Clause",
            "engines": {
                "node": ">=10"
            }
        },
        "node_modules/extend": {
            "version": "3.0.2",
            "resolved": "https://registry.npm.taobao.org/extend/download/extend-3.0.2.tgz",
            "integrity": "sha1-+LETa0Bx+9jrFAr/hYsQGewpFfo=",
            "license": "MIT"
        },
        "node_modules/fetch-blob": {
            "version": "3.1.3",
            "resolved": "https://repo.huaweicloud.com/repository/npm/fetch-blob/-/fetch-blob-3.1.3.tgz",
            "integrity": "sha512-ax1Y5I9w+9+JiM+wdHkhBoxew+zG4AJ2SvAD1v1szpddUIiPERVGBxrMcB2ZqW0Y3PP8bOWYv2zqQq1Jp2kqUQ==",
            "funding": [
                {
                    "type": "github",
                    "url": "https://github.com/sponsors/jimmywarting"
                },
                {
                    "type": "paypal",
                    "url": "https://paypal.me/jimmywarting"
                }
            ],
            "license": "MIT",
            "dependencies": {
                "web-streams-polyfill": "^3.0.3"
            },
            "engines": {
                "node": "^12.20 || >= 14.13"
            }
        },
        "node_modules/formdata-polyfill": {
            "version": "4.0.10",
            "resolved": "https://repo.huaweicloud.com/repository/npm/formdata-polyfill/-/formdata-polyfill-4.0.10.tgz",
            "integrity": "sha512-buewHzMvYL29jdeQTVILecSaZKnt/RJWjoZCF5OW60Z67/GmSLBkOFM7qh1PI3zFNtJbaZL5eQu1vLfazOwj4g==",
            "license": "MIT",
            "dependencies": {
                "fetch-blob": "^3.1.2"
            },
            "engines": {
                "node": ">=12.20.0"
            }
        },
        "node_modules/module-require": {
            "version": "1.4.5",
            "resolved": "https://registry.npm.taobao.org/module-require/download/module-require-1.4.5.tgz",
            "integrity": "sha1-Yz3wgzRDya2FlvTELlI3NINVr4g=",
            "license": "MIT"
        },
        "node_modules/moment": {
            "version": "2.29.1",
            "resolved": "https://registry.npm.taobao.org/moment/download/moment-2.29.1.tgz?cache=0&sync_timestamp=1601983557585&other_urls=https%3A%2F%2Fregistry.npm.taobao.org%2Fmoment%2Fdownload%2Fmoment-2.29.1.tgz",
            "integrity": "sha1-sr52n6MZQL6e7qZGnAdeNQBvo9M=",
            "license": "MIT",
            "engines": {
                "node": "*"
            }
        },
        "node_modules/moment-timezone": {
            "version": "0.5.34",
            "resolved": "https://repo.huaweicloud.com/repository/npm/moment-timezone/-/moment-timezone-0.5.34.tgz",
            "integrity": "sha512-3zAEHh2hKUs3EXLESx/wsgw6IQdusOT8Bxm3D9UrHPQR7zlMmzwybC8zHEM1tQ4LJwP7fcxrWr8tuBg05fFCbg==",
            "license": "MIT",
            "dependencies": {
                "moment": ">= 2.9.0"
            },
            "engines": {
                "node": "*"
            }
        },
        "node_modules/mustache": {
            "version": "4.2.0",
            "resolved": "https://repo.huaweicloud.com/repository/npm/mustache/-/mustache-4.2.0.tgz",
            "integrity": "sha512-71ippSywq5Yb7/tVYyGbkBggbU8H3u5Rz56fH60jGFgr8uHwxs+aSKeqmluIVzM0m0kB7xQjKS6qPfd0b2ZoqQ==",
            "license": "MIT",
            "bin": {
                "mustache": "bin/mustache"
            }
        },
        "node_modules/n-readlines": {
            "version": "1.0.1",
            "resolved": "https://registry.npm.taobao.org/n-readlines/download/n-readlines-1.0.1.tgz",
            "integrity": "sha1-u7c2TTi8MaFwoZn5hvys+na5X24=",
            "license": "MIT",
            "engines": {
                "node": ">=6.x.x"
            }
        },
        "node_modules/node-fetch": {
            "version": "3.1.0",
            "resolved": "https://repo.huaweicloud.com/repository/npm/node-fetch/-/node-fetch-3.1.0.tgz",
            "integrity": "sha512-QU0WbIfMUjd5+MUzQOYhenAazakV7Irh1SGkWCsRzBwvm4fAhzEUaHMJ6QLP7gWT6WO9/oH2zhKMMGMuIrDyKw==",
            "license": "MIT",
            "dependencies": {
                "data-uri-to-buffer": "^4.0.0",
                "fetch-blob": "^3.1.2",
                "formdata-polyfill": "^4.0.10"
            },
            "engines": {
                "node": "^12.20.0 || ^14.13.1 || >=16.0.0"
            },
            "funding": {
                "type": "opencollective",
                "url": "https://opencollective.com/node-fetch"
            }
        },
        "node_modules/nodejs-fs-utils": {
            "version": "1.2.5",
            "resolved": "https://registry.npm.taobao.org/nodejs-fs-utils/download/nodejs-fs-utils-1.2.5.tgz",
            "integrity": "sha1-D13RxECXhC3ovMX4OOyHKW0veeU=",
            "license": "MIT",
            "dependencies": {
                "module-require": "*"
            }
        },
        "node_modules/web-streams-polyfill": {
            "version": "3.2.0",
            "resolved": "https://repo.huaweicloud.com/repository/npm/web-streams-polyfill/-/web-streams-polyfill-3.2.0.tgz",
            "integrity": "sha512-EqPmREeOzttaLRm5HS7io98goBgZ7IVz79aDvqjD0kYXLtFZTc0T/U6wHTPKyIjb+MdN7DFIIX6hgdBEpWmfPA==",
            "license": "MIT",
            "engines": {
                "node": ">= 8"
            }
        }
    },
    "dependencies": {
        "data-uri-to-buffer": {
            "version": "4.0.0",
            "resolved": "https://repo.huaweicloud.com/repository/npm/data-uri-to-buffer/-/data-uri-to-buffer-4.0.0.tgz",
            "integrity": "sha512-Vr3mLBA8qWmcuschSLAOogKgQ/Jwxulv3RNE4FXnYWRGujzrRWQI4m12fQqRkwX06C0KanhLr4hK+GydchZsaA=="
        },
        "dotenv": {
            "version": "10.0.0",
            "resolved": "https://repo.huaweicloud.com/repository/npm/dotenv/-/dotenv-10.0.0.tgz",
            "integrity": "sha512-rlBi9d8jpv9Sf1klPjNfFAuWDjKLwTIJJ/VxtoTwIR6hnZxcEOQCZg2oIL3MWBYw5GpUDKOEnND7LXTbIpQ03Q=="
        },
        "extend": {
            "version": "3.0.2",
            "resolved": "https://registry.npm.taobao.org/extend/download/extend-3.0.2.tgz",
            "integrity": "sha1-+LETa0Bx+9jrFAr/hYsQGewpFfo="
        },
        "fetch-blob": {
            "version": "3.1.3",
            "resolved": "https://repo.huaweicloud.com/repository/npm/fetch-blob/-/fetch-blob-3.1.3.tgz",
            "integrity": "sha512-ax1Y5I9w+9+JiM+wdHkhBoxew+zG4AJ2SvAD1v1szpddUIiPERVGBxrMcB2ZqW0Y3PP8bOWYv2zqQq1Jp2kqUQ==",
            "requires": {
                "web-streams-polyfill": "^3.0.3"
            }
        },
        "formdata-polyfill": {
            "version": "4.0.10",
            "resolved": "https://repo.huaweicloud.com/repository/npm/formdata-polyfill/-/formdata-polyfill-4.0.10.tgz",
            "integrity": "sha512-buewHzMvYL29jdeQTVILecSaZKnt/RJWjoZCF5OW60Z67/GmSLBkOFM7qh1PI3zFNtJbaZL5eQu1vLfazOwj4g==",
            "requires": {
                "fetch-blob": "^3.1.2"
            }
        },
        "module-require": {
            "version": "1.4.5",
            "resolved": "https://registry.npm.taobao.org/module-require/download/module-require-1.4.5.tgz",
            "integrity": "sha1-Yz3wgzRDya2FlvTELlI3NINVr4g="
        },
        "moment": {
            "version": "2.29.1",
            "resolved": "https://registry.npm.taobao.org/moment/download/moment-2.29.1.tgz?cache=0&sync_timestamp=1601983557585&other_urls=https%3A%2F%2Fregistry.npm.taobao.org%2Fmoment%2Fdownload%2Fmoment-2.29.1.tgz",
            "integrity": "sha1-sr52n6MZQL6e7qZGnAdeNQBvo9M="
        },
        "moment-timezone": {
            "version": "0.5.34",
            "resolved": "https://repo.huaweicloud.com/repository/npm/moment-timezone/-/moment-timezone-0.5.34.tgz",
            "integrity": "sha512-3zAEHh2hKUs3EXLESx/wsgw6IQdusOT8Bxm3D9UrHPQR7zlMmzwybC8zHEM1tQ4LJwP7fcxrWr8tuBg05fFCbg==",
            "requires": {
                "moment": ">= 2.9.0"
            }
        },
        "mustache": {
            "version": "4.2.0",
            "resolved": "https://repo.huaweicloud.com/repository/npm/mustache/-/mustache-4.2.0.tgz",
            "integrity": "sha512-71ippSywq5Yb7/tVYyGbkBggbU8H3u5Rz56fH60jGFgr8uHwxs+aSKeqmluIVzM0m0kB7xQjKS6qPfd0b2ZoqQ=="
        },
        "n-readlines": {
            "version": "1.0.1",
            "resolved": "https://registry.npm.taobao.org/n-readlines/download/n-readlines-1.0.1.tgz",
            "integrity": "sha1-u7c2TTi8MaFwoZn5hvys+na5X24="
        },
        "node-fetch": {
            "version": "3.1.0",
            "resolved": "https://repo.huaweicloud.com/repository/npm/node-fetch/-/node-fetch-3.1.0.tgz",
            "integrity": "sha512-QU0WbIfMUjd5+MUzQOYhenAazakV7Irh1SGkWCsRzBwvm4fAhzEUaHMJ6QLP7gWT6WO9/oH2zhKMMGMuIrDyKw==",
            "requires": {
                "data-uri-to-buffer": "^4.0.0",
                "fetch-blob": "^3.1.2",
                "formdata-polyfill": "^4.0.10"
            }
        },
        "nodejs-fs-utils": {
            "version": "1.2.5",
            "resolved": "https://registry.npm.taobao.org/nodejs-fs-utils/download/nodejs-fs-utils-1.2.5.tgz",
            "integrity": "sha1-D13RxECXhC3ovMX4OOyHKW0veeU=",
            "requires": {
                "module-require": "*"
            }
        },
        "web-streams-polyfill": {
            "version": "3.2.0",
            "resolved": "https://repo.huaweicloud.com/repository/npm/web-streams-polyfill/-/web-streams-polyfill-3.2.0.tgz",
            "integrity": "sha512-EqPmREeOzttaLRm5HS7io98goBgZ7IVz79aDvqjD0kYXLtFZTc0T/U6wHTPKyIjb+MdN7DFIIX6hgdBEpWmfPA=="
        }
    }
}
